
Microsoft Visual Studio Solution File, Format Version 12.00
# Visual Studio Version 16
VisualStudioVersion = 16.0.31321.278
MinimumVisualStudioVersion = 10.0.40219.1
Project("{9A19103F-16F7-4668-BE54-9A1E7A4F7556}") = "ComputerStoreAdmin", "ComputerStoreAdmin.csproj", "{68D56279-EE2E-4A89-81B0-939515EB321A}"
EndProject
Global
	GlobalSection(SolutionConfigurationPlatforms) = preSolution
		Debug|Any CPU = Debug|Any CPU
		Debug|x86 = Debug|x86
		Release|Any CPU = Release|Any CPU
		Release|x86 = Release|x86
	EndGlobalSection
	GlobalSection(ProjectConfigurationPlatforms) = postSolution
		{68D56279-EE2E-4A89-81B0-939515EB321A}.Debug|Any CPU.ActiveCfg = Debug|Any CPU
		{68D56279-EE2E-4A89-81B0-939515EB321A}.Debug|Any CPU.Build.0 = Debug|Any CPU
		{68D56279-EE2E-4A89-81B0-939515EB321A}.Debug|x86.ActiveCfg = Debug|Any CPU
		{68D56279-EE2E-4A89-81B0-939515EB321A}.Debug|x86.Build.0 = Debug|Any CPU
		{68D56279-EE2E-4A89-81B0-939515EB321A}.Release|Any CPU.ActiveCfg = Release|Any CPU
		{68D56279-EE2E-4A89-81B0-939515EB321A}.Release|Any CPU.Build.0 = Release|Any CPU
		{68D56279-EE2E-4A89-81B0-939515EB321A}.Release|x86.ActiveCfg = Release|Any CPU
		{68D56279-EE2E-4A89-81B0-939515EB321A}.Release|x86.Build.0 = Release|Any CPU
	EndGlobalSection
	GlobalSection(SolutionProperties) = preSolution
		HideSolutionNode = FALSE
	EndGlobalSection
	GlobalSection(ExtensibilityGlobals) = postSolution
		SolutionGuid = {756B3A40-DAEC-4FB4-9987-AFC9200BA8AD}
	EndGlobalSection
EndGlobal
